
Microsoft Visual Studio Solution File, Format Version 12.00
# Visual Studio 15
Project("{FAE04EC0-301F-11D3-BF4B-00C04F79EFBC}") = "UnityEngine.TestRunner", "UnityEngine.TestRunner.csproj", "{C043357C-52F6-B464-60FB-63CA50A33B6D}"
EndProject
Project("{FAE04EC0-301F-11D3-BF4B-00C04F79EFBC}") = "Unity.Mathematics", "Unity.Mathematics.csproj", "{D22BBD80-2F1B-CD57-4A0D-88976710F36E}"
EndProject
Project("{FAE04EC0-301F-11D3-BF4B-00C04F79EFBC}") = "Unity.2D.Animation.Triangle.Runtime", "Unity.2D.Animation.Triangle.Runtime.csproj", "{33A18246-DA2D-8185-E8B4-4649A8528DAC}"
EndProject
Project("{FAE04EC0-301F-11D3-BF4B-00C04F79EFBC}") = "Unity.Timeline", "Unity.Timeline.csproj", "{879712FF-B222-0B72-9A5E-6A894F9F2D44}"
EndProject
Project("{FAE04EC0-301F-11D3-BF4B-00C04F79EFBC}") = "UnityEngine.UI", "UnityEngine.UI.csproj", "{7390FE3C-C778-C2E1-B249-C4AC1BE9DA2E}"
EndProject
Project("{FAE04EC0-301F-11D3-BF4B-00C04F79EFBC}") = "Unity.TextMeshPro", "Unity.TextMeshPro.csproj", "{05610035-4410-EDB8-373F-10D5401B42DE}"
EndProject
Project("{FAE04EC0-301F-11D3-BF4B-00C04F79EFBC}") = "Unity.2D.Animation.Runtime", "Unity.2D.Animation.Runtime.csproj", "{DC6366AB-9EFE-54EA-9825-B659A12FEF25}"
EndProject
Project("{FAE04EC0-301F-11D3-BF4B-00C04F79EFBC}") = "Unity.2D.IK.Runtime", "Unity.2D.IK.Runtime.csproj", "{967B2209-E220-B405-57DE-DF0689E73946}"
EndProject
Project("{FAE04EC0-301F-11D3-BF4B-00C04F79EFBC}") = "Unity.2D.SpriteShape.Runtime", "Unity.2D.SpriteShape.Runtime.csproj", "{37A8B9E1-9E2E-6DC8-0221-9608283526E7}"
EndProject
Project("{FAE04EC0-301F-11D3-BF4B-00C04F79EFBC}") = "Unity.2D.PixelPerfect", "Unity.2D.PixelPerfect.csproj", "{5ACF8485-2342-8CF8-AF38-CC645845ED20}"
EndProject
Project("{FAE04EC0-301F-11D3-BF4B-00C04F79EFBC}") = "Unity.2D.Common.Runtime", "Unity.2D.Common.Runtime.csproj", "{1F31D450-5FF6-90CA-5DE8-AD7A65FDC3AC}"
EndProject
Project("{FAE04EC0-301F-11D3-BF4B-00C04F79EFBC}") = "Unity.InternalAPIEngineBridge.001", "Unity.InternalAPIEngineBridge.001.csproj", "{97D2EE8B-7FBE-9A76-C46C-88EC9005A03A}"
EndProject
Project("{FAE04EC0-301F-11D3-BF4B-00C04F79EFBC}") = "Assembly-CSharp", "Assembly-CSharp.csproj", "{EC716658-CEA9-9FEE-051F-67AB52D10A88}"
EndProject
Project("{FAE04EC0-301F-11D3-BF4B-00C04F79EFBC}") = "UnityEditor.TestRunner", "UnityEditor.TestRunner.csproj", "{C3C46F14-8A73-00B2-AF33-4651460741F1}"
EndProject
Project("{FAE04EC0-301F-11D3-BF4B-00C04F79EFBC}") = "Unity.PlasticSCM.Editor", "Unity.PlasticSCM.Editor.csproj", "{320DE65A-4D72-2505-7F0C-897806FA5021}"
EndProject
Project("{FAE04EC0-301F-11D3-BF4B-00C04F79EFBC}") = "UnityEditor.UI", "UnityEditor.UI.csproj", "{BE563C37-97B5-9978-793A-34F745AD784A}"
EndProject
Project("{FAE04EC0-301F-11D3-BF4B-00C04F79EFBC}") = "Unity.Services.Core.Editor", "Unity.Services.Core.Editor.csproj", "{91E6C05D-81DA-780A-4246-643745E4D814}"
EndProject
Project("{FAE04EC0-301F-11D3-BF4B-00C04F79EFBC}") = "Unity.Timeline.Editor", "Unity.Timeline.Editor.csproj", "{275498AF-EAD6-C081-FB6C-389E952EBD46}"
EndProject
Project("{FAE04EC0-301F-11D3-BF4B-00C04F79EFBC}") = "Unity.VisualStudio.Editor", "Unity.VisualStudio.Editor.csproj", "{FEC8FE57-2248-85FB-6CE0-7C25F157F30D}"
EndProject
Project("{FAE04EC0-301F-11D3-BF4B-00C04F79EFBC}") = "Unity.2D.Psdimporter.Editor", "Unity.2D.Psdimporter.Editor.csproj", "{D3BC522A-87F7-2258-3124-28A9768B15A3}"
EndProject
Project("{FAE04EC0-301F-11D3-BF4B-00C04F79EFBC}") = "Unity.2D.Animation.Editor", "Unity.2D.Animation.Editor.csproj", "{CC929FA1-B94E-FB94-7B02-E15F2EED6216}"
EndProject
Project("{FAE04EC0-301F-11D3-BF4B-00C04F79EFBC}") = "Unity.TextMeshPro.Editor", "Unity.TextMeshPro.Editor.csproj", "{358BF17F-C716-8AE5-1BF3-78860BB9BDCE}"
EndProject
Project("{FAE04EC0-301F-11D3-BF4B-00C04F79EFBC}") = "Unity.2D.SpriteShape.Editor", "Unity.2D.SpriteShape.Editor.csproj", "{3DB37A2B-6718-8900-ACEB-9046E32973F5}"
EndProject
Project("{FAE04EC0-301F-11D3-BF4B-00C04F79EFBC}") = "Unity.CollabProxy.Editor", "Unity.CollabProxy.Editor.csproj", "{7FC4BBF1-5780-78CA-8067-24F189B2D1A0}"
EndProject
Project("{FAE04EC0-301F-11D3-BF4B-00C04F79EFBC}") = "PsdPlugin", "PsdPlugin.csproj", "{D0202F97-1E08-8765-15CD-3E3D954F022C}"
EndProject
Project("{FAE04EC0-301F-11D3-BF4B-00C04F79EFBC}") = "Unity.2D.Path.Editor", "Unity.2D.Path.Editor.csproj", "{6E722440-3A1C-2569-5A64-EA17FB55F580}"
EndProject
Project("{FAE04EC0-301F-11D3-BF4B-00C04F79EFBC}") = "Unity.Rider.Editor", "Unity.Rider.Editor.csproj", "{36A7E21A-77F6-4C6C-FBC0-9DDFB0CFFF53}"
EndProject
Project("{FAE04EC0-301F-11D3-BF4B-00C04F79EFBC}") = "Unity.2D.IK.Editor", "Unity.2D.IK.Editor.csproj", "{4422BD84-974E-BD07-25F0-0C867BF7AE35}"
EndProject
Project("{FAE04EC0-301F-11D3-BF4B-00C04F79EFBC}") = "Unity.2D.Sprite.Editor", "Unity.2D.Sprite.Editor.csproj", "{61FD4A51-9C18-CCF3-B4E5-CE5F35C40B9A}"
EndProject
Project("{FAE04EC0-301F-11D3-BF4B-00C04F79EFBC}") = "Unity.2D.Tilemap.Editor", "Unity.2D.Tilemap.Editor.csproj", "{1A3773FD-66B0-519F-5FDC-A1F862ACF4AB}"
EndProject
Project("{FAE04EC0-301F-11D3-BF4B-00C04F79EFBC}") = "Unity.2D.PixelPerfect.Editor", "Unity.2D.PixelPerfect.Editor.csproj", "{D5563851-0649-CF26-FA16-C12057FEB0CD}"
EndProject
Project("{FAE04EC0-301F-11D3-BF4B-00C04F79EFBC}") = "Unity.VSCode.Editor", "Unity.VSCode.Editor.csproj", "{BD15EE6F-861D-C52A-55EF-A7069F4288DF}"
EndProject
Project("{FAE04EC0-301F-11D3-BF4B-00C04F79EFBC}") = "Unity.2D.Common.Editor", "Unity.2D.Common.Editor.csproj", "{3451530C-1F2C-068D-6380-42CB8CEE46BB}"
EndProject
Project("{FAE04EC0-301F-11D3-BF4B-00C04F79EFBC}") = "Unity.Mathematics.Editor", "Unity.Mathematics.Editor.csproj", "{AF417EC5-B489-17E7-D331-9779BE073DA5}"
EndProject
Project("{FAE04EC0-301F-11D3-BF4B-00C04F79EFBC}") = "Unity.InternalAPIEditorBridge.001", "Unity.InternalAPIEditorBridge.001.csproj", "{9924179D-BDFD-1D5D-5C78-E93C27558E48}"
EndProject
Project("{FAE04EC0-301F-11D3-BF4B-00C04F79EFBC}") = "UnityEngine.TestRunner", "UnityEngine.TestRunner.Player.csproj", "{ED9285F3-6A7C-334D-681C-E95755AB43C0}"
EndProject
Project("{FAE04EC0-301F-11D3-BF4B-00C04F79EFBC}") = "Unity.Mathematics", "Unity.Mathematics.Player.csproj", "{7D611175-FD34-0FEB-6220-D05F71D82F5B}"
EndProject
Project("{FAE04EC0-301F-11D3-BF4B-00C04F79EFBC}") = "Unity.2D.Animation.Triangle.Runtime", "Unity.2D.Animation.Triangle.Runtime.Player.csproj", "{4A180DDF-2115-003F-9395-92D0BE90FEAE}"
EndProject
Project("{FAE04EC0-301F-11D3-BF4B-00C04F79EFBC}") = "Unity.Timeline", "Unity.Timeline.Player.csproj", "{7C9D12DC-E334-254D-61EC-6C7C64A0FA6C}"
EndProject
Project("{FAE04EC0-301F-11D3-BF4B-00C04F79EFBC}") = "UnityEngine.UI", "UnityEngine.UI.Player.csproj", "{0DA5DC45-9ABE-FD28-0D95-65EDB3378C77}"
EndProject
Project("{FAE04EC0-301F-11D3-BF4B-00C04F79EFBC}") = "Unity.TextMeshPro", "Unity.TextMeshPro.Player.csproj", "{2B9A5491-60A6-EC9E-2066-A785B771176A}"
EndProject
Project("{FAE04EC0-301F-11D3-BF4B-00C04F79EFBC}") = "Unity.2D.Animation.Runtime", "Unity.2D.Animation.Runtime.Player.csproj", "{670A04BC-229F-11D1-B671-FC8C2A13F8DD}"
EndProject
Project("{FAE04EC0-301F-11D3-BF4B-00C04F79EFBC}") = "Unity.2D.IK.Runtime", "Unity.2D.IK.Runtime.Player.csproj", "{9CCFE687-4FD3-2B7E-4BB7-92CE2222CAD3}"
EndProject
Project("{FAE04EC0-301F-11D3-BF4B-00C04F79EFBC}") = "Unity.2D.SpriteShape.Runtime", "Unity.2D.SpriteShape.Runtime.Player.csproj", "{339051D1-5B75-08BB-2A19-2FD7430DBE91}"
EndProject
Project("{FAE04EC0-301F-11D3-BF4B-00C04F79EFBC}") = "Unity.2D.PixelPerfect", "Unity.2D.PixelPerfect.Player.csproj", "{BC650611-DA01-D8DB-9898-A040427E9168}"
EndProject
Project("{FAE04EC0-301F-11D3-BF4B-00C04F79EFBC}") = "Unity.2D.Common.Runtime", "Unity.2D.Common.Runtime.Player.csproj", "{F3CB36B9-A7D1-3CC6-1F4A-D3E973B12A31}"
EndProject
Project("{FAE04EC0-301F-11D3-BF4B-00C04F79EFBC}") = "Unity.InternalAPIEngineBridge.001", "Unity.InternalAPIEngineBridge.001.Player.csproj", "{F2EDAD38-B47E-931A-1B0E-A8C053C14438}"
EndProject
Project("{FAE04EC0-301F-11D3-BF4B-00C04F79EFBC}") = "Assembly-CSharp", "Assembly-CSharp.Player.csproj", "{51E6BEFC-AFCF-127A-10CE-D07D408C1869}"
EndProject
Global
	GlobalSection(SolutionConfigurationPlatforms) = preSolution
		Debug|Any CPU = Debug|Any CPU
		Release|Any CPU = Release|Any CPU
	EndGlobalSection
	GlobalSection(ProjectConfigurationPlatforms) = postSolution
		{C043357C-52F6-B464-60FB-63CA50A33B6D}.Debug|Any CPU.ActiveCfg = Debug|Any CPU
		{C043357C-52F6-B464-60FB-63CA50A33B6D}.Debug|Any CPU.Build.0 = Debug|Any CPU
		{C043357C-52F6-B464-60FB-63CA50A33B6D}.Release|Any CPU.ActiveCfg = Release|Any CPU
		{C043357C-52F6-B464-60FB-63CA50A33B6D}.Release|Any CPU.Build.0 = Release|Any CPU
		{D22BBD80-2F1B-CD57-4A0D-88976710F36E}.Debug|Any CPU.ActiveCfg = Debug|Any CPU
		{D22BBD80-2F1B-CD57-4A0D-88976710F36E}.Debug|Any CPU.Build.0 = Debug|Any CPU
		{D22BBD80-2F1B-CD57-4A0D-88976710F36E}.Release|Any CPU.ActiveCfg = Release|Any CPU
		{D22BBD80-2F1B-CD57-4A0D-88976710F36E}.Release|Any CPU.Build.0 = Release|Any CPU
		{33A18246-DA2D-8185-E8B4-4649A8528DAC}.Debug|Any CPU.ActiveCfg = Debug|Any CPU
		{33A18246-DA2D-8185-E8B4-4649A8528DAC}.Debug|Any CPU.Build.0 = Debug|Any CPU
		{33A18246-DA2D-8185-E8B4-4649A8528DAC}.Release|Any CPU.ActiveCfg = Release|Any CPU
		{33A18246-DA2D-8185-E8B4-4649A8528DAC}.Release|Any CPU.Build.0 = Release|Any CPU
		{879712FF-B222-0B72-9A5E-6A894F9F2D44}.Debug|Any CPU.ActiveCfg = Debug|Any CPU
		{879712FF-B222-0B72-9A5E-6A894F9F2D44}.Debug|Any CPU.Build.0 = Debug|Any CPU
		{879712FF-B222-0B72-9A5E-6A894F9F2D44}.Release|Any CPU.ActiveCfg = Release|Any CPU
		{879712FF-B222-0B72-9A5E-6A894F9F2D44}.Release|Any CPU.Build.0 = Release|Any CPU
		{7390FE3C-C778-C2E1-B249-C4AC1BE9DA2E}.Debug|Any CPU.ActiveCfg = Debug|Any CPU
		{7390FE3C-C778-C2E1-B249-C4AC1BE9DA2E}.Debug|Any CPU.Build.0 = Debug|Any CPU
		{7390FE3C-C778-C2E1-B249-C4AC1BE9DA2E}.Release|Any CPU.ActiveCfg = Release|Any CPU
		{7390FE3C-C778-C2E1-B249-C4AC1BE9DA2E}.Release|Any CPU.Build.0 = Release|Any CPU
		{05610035-4410-EDB8-373F-10D5401B42DE}.Debug|Any CPU.ActiveCfg = Debug|Any CPU
		{05610035-4410-EDB8-373F-10D5401B42DE}.Debug|Any CPU.Build.0 = Debug|Any CPU
		{05610035-4410-EDB8-373F-10D5401B42DE}.Release|Any CPU.ActiveCfg = Release|Any CPU
		{05610035-4410-EDB8-373F-10D5401B42DE}.Release|Any CPU.Build.0 = Release|Any CPU
		{DC6366AB-9EFE-54EA-9825-B659A12FEF25}.Debug|Any CPU.ActiveCfg = Debug|Any CPU
		{DC6366AB-9EFE-54EA-9825-B659A12FEF25}.Debug|Any CPU.Build.0 = Debug|Any CPU
		{DC6366AB-9EFE-54EA-9825-B659A12FEF25}.Release|Any CPU.ActiveCfg = Release|Any CPU
		{DC6366AB-9EFE-54EA-9825-B659A12FEF25}.Release|Any CPU.Build.0 = Release|Any CPU
		{967B2209-E220-B405-57DE-DF0689E73946}.Debug|Any CPU.ActiveCfg = Debug|Any CPU
		{967B2209-E220-B405-57DE-DF0689E73946}.Debug|Any CPU.Build.0 = Debug|Any CPU
		{967B2209-E220-B405-57DE-DF0689E73946}.Release|Any CPU.ActiveCfg = Release|Any CPU
		{967B2209-E220-B405-57DE-DF0689E73946}.Release|Any CPU.Build.0 = Release|Any CPU
		{37A8B9E1-9E2E-6DC8-0221-9608283526E7}.Debug|Any CPU.ActiveCfg = Debug|Any CPU
		{37A8B9E1-9E2E-6DC8-0221-9608283526E7}.Debug|Any CPU.Build.0 = Debug|Any CPU
		{37A8B9E1-9E2E-6DC8-0221-9608283526E7}.Release|Any CPU.ActiveCfg = Release|Any CPU
		{37A8B9E1-9E2E-6DC8-0221-9608283526E7}.Release|Any CPU.Build.0 = Release|Any CPU
		{5ACF8485-2342-8CF8-AF38-CC645845ED20}.Debug|Any CPU.ActiveCfg = Debug|Any CPU
		{5ACF8485-2342-8CF8-AF38-CC645845ED20}.Debug|Any CPU.Build.0 = Debug|Any CPU
		{5ACF8485-2342-8CF8-AF38-CC645845ED20}.Release|Any CPU.ActiveCfg = Release|Any CPU
		{5ACF8485-2342-8CF8-AF38-CC645845ED20}.Release|Any CPU.Build.0 = Release|Any CPU
		{1F31D450-5FF6-90CA-5DE8-AD7A65FDC3AC}.Debug|Any CPU.ActiveCfg = Debug|Any CPU
		{1F31D450-5FF6-90CA-5DE8-AD7A65FDC3AC}.Debug|Any CPU.Build.0 = Debug|Any CPU
		{1F31D450-5FF6-90CA-5DE8-AD7A65FDC3AC}.Release|Any CPU.ActiveCfg = Release|Any CPU
		{1F31D450-5FF6-90CA-5DE8-AD7A65FDC3AC}.Release|Any CPU.Build.0 = Release|Any CPU
		{97D2EE8B-7FBE-9A76-C46C-88EC9005A03A}.Debug|Any CPU.ActiveCfg = Debug|Any CPU
		{97D2EE8B-7FBE-9A76-C46C-88EC9005A03A}.Debug|Any CPU.Build.0 = Debug|Any CPU
		{97D2EE8B-7FBE-9A76-C46C-88EC9005A03A}.Release|Any CPU.ActiveCfg = Release|Any CPU
		{97D2EE8B-7FBE-9A76-C46C-88EC9005A03A}.Release|Any CPU.Build.0 = Release|Any CPU
		{EC716658-CEA9-9FEE-051F-67AB52D10A88}.Debug|Any CPU.ActiveCfg = Debug|Any CPU
		{EC716658-CEA9-9FEE-051F-67AB52D10A88}.Debug|Any CPU.Build.0 = Debug|Any CPU
		{EC716658-CEA9-9FEE-051F-67AB52D10A88}.Release|Any CPU.ActiveCfg = Release|Any CPU
		{EC716658-CEA9-9FEE-051F-67AB52D10A88}.Release|Any CPU.Build.0 = Release|Any CPU
		{C3C46F14-8A73-00B2-AF33-4651460741F1}.Debug|Any CPU.ActiveCfg = Debug|Any CPU
		{C3C46F14-8A73-00B2-AF33-4651460741F1}.Debug|Any CPU.Build.0 = Debug|Any CPU
		{C3C46F14-8A73-00B2-AF33-4651460741F1}.Release|Any CPU.ActiveCfg = Release|Any CPU
		{C3C46F14-8A73-00B2-AF33-4651460741F1}.Release|Any CPU.Build.0 = Release|Any CPU
		{320DE65A-4D72-2505-7F0C-897806FA5021}.Debug|Any CPU.ActiveCfg = Debug|Any CPU
		{320DE65A-4D72-2505-7F0C-897806FA5021}.Debug|Any CPU.Build.0 = Debug|Any CPU
		{320DE65A-4D72-2505-7F0C-897806FA5021}.Release|Any CPU.ActiveCfg = Release|Any CPU
		{320DE65A-4D72-2505-7F0C-897806FA5021}.Release|Any CPU.Build.0 = Release|Any CPU
		{BE563C37-97B5-9978-793A-34F745AD784A}.Debug|Any CPU.ActiveCfg = Debug|Any CPU
		{BE563C37-97B5-9978-793A-34F745AD784A}.Debug|Any CPU.Build.0 = Debug|Any CPU
		{BE563C37-97B5-9978-793A-34F745AD784A}.Release|Any CPU.ActiveCfg = Release|Any CPU
		{BE563C37-97B5-9978-793A-34F745AD784A}.Release|Any CPU.Build.0 = Release|Any CPU
		{91E6C05D-81DA-780A-4246-643745E4D814}.Debug|Any CPU.ActiveCfg = Debug|Any CPU
		{91E6C05D-81DA-780A-4246-643745E4D814}.Debug|Any CPU.Build.0 = Debug|Any CPU
		{91E6C05D-81DA-780A-4246-643745E4D814}.Release|Any CPU.ActiveCfg = Release|Any CPU
		{91E6C05D-81DA-780A-4246-643745E4D814}.Release|Any CPU.Build.0 = Release|Any CPU
		{275498AF-EAD6-C081-FB6C-389E952EBD46}.Debug|Any CPU.ActiveCfg = Debug|Any CPU
		{275498AF-EAD6-C081-FB6C-389E952EBD46}.Debug|Any CPU.Build.0 = Debug|Any CPU
		{275498AF-EAD6-C081-FB6C-389E952EBD46}.Release|Any CPU.ActiveCfg = Release|Any CPU
		{275498AF-EAD6-C081-FB6C-389E952EBD46}.Release|Any CPU.Build.0 = Release|Any CPU
		{FEC8FE57-2248-85FB-6CE0-7C25F157F30D}.Debug|Any CPU.ActiveCfg = Debug|Any CPU
		{FEC8FE57-2248-85FB-6CE0-7C25F157F30D}.Debug|Any CPU.Build.0 = Debug|Any CPU
		{FEC8FE57-2248-85FB-6CE0-7C25F157F30D}.Release|Any CPU.ActiveCfg = Release|Any CPU
		{FEC8FE57-2248-85FB-6CE0-7C25F157F30D}.Release|Any CPU.Build.0 = Release|Any CPU
		{D3BC522A-87F7-2258-3124-28A9768B15A3}.Debug|Any CPU.ActiveCfg = Debug|Any CPU
		{D3BC522A-87F7-2258-3124-28A9768B15A3}.Debug|Any CPU.Build.0 = Debug|Any CPU
		{D3BC522A-87F7-2258-3124-28A9768B15A3}.Release|Any CPU.ActiveCfg = Release|Any CPU
		{D3BC522A-87F7-2258-3124-28A9768B15A3}.Release|Any CPU.Build.0 = Release|Any CPU
		{CC929FA1-B94E-FB94-7B02-E15F2EED6216}.Debug|Any CPU.ActiveCfg = Debug|Any CPU
		{CC929FA1-B94E-FB94-7B02-E15F2EED6216}.Debug|Any CPU.Build.0 = Debug|Any CPU
		{CC929FA1-B94E-FB94-7B02-E15F2EED6216}.Release|Any CPU.ActiveCfg = Release|Any CPU
		{CC929FA1-B94E-FB94-7B02-E15F2EED6216}.Release|Any CPU.Build.0 = Release|Any CPU
		{358BF17F-C716-8AE5-1BF3-78860BB9BDCE}.Debug|Any CPU.ActiveCfg = Debug|Any CPU
		{358BF17F-C716-8AE5-1BF3-78860BB9BDCE}.Debug|Any CPU.Build.0 = Debug|Any CPU
		{358BF17F-C716-8AE5-1BF3-78860BB9BDCE}.Release|Any CPU.ActiveCfg = Release|Any CPU
		{358BF17F-C716-8AE5-1BF3-78860BB9BDCE}.Release|Any CPU.Build.0 = Release|Any CPU
		{3DB37A2B-6718-8900-ACEB-9046E32973F5}.Debug|Any CPU.ActiveCfg = Debug|Any CPU
		{3DB37A2B-6718-8900-ACEB-9046E32973F5}.Debug|Any CPU.Build.0 = Debug|Any CPU
		{3DB37A2B-6718-8900-ACEB-9046E32973F5}.Release|Any CPU.ActiveCfg = Release|Any CPU
		{3DB37A2B-6718-8900-ACEB-9046E32973F5}.Release|Any CPU.Build.0 = Release|Any CPU
		{7FC4BBF1-5780-78CA-8067-24F189B2D1A0}.Debug|Any CPU.ActiveCfg = Debug|Any CPU
		{7FC4BBF1-5780-78CA-8067-24F189B2D1A0}.Debug|Any CPU.Build.0 = Debug|Any CPU
		{7FC4BBF1-5780-78CA-8067-24F189B2D1A0}.Release|Any CPU.ActiveCfg = Release|Any CPU
		{7FC4BBF1-5780-78CA-8067-24F189B2D1A0}.Release|Any CPU.Build.0 = Release|Any CPU
		{D0202F97-1E08-8765-15CD-3E3D954F022C}.Debug|Any CPU.ActiveCfg = Debug|Any CPU
		{D0202F97-1E08-8765-15CD-3E3D954F022C}.Debug|Any CPU.Build.0 = Debug|Any CPU
		{D0202F97-1E08-8765-15CD-3E3D954F022C}.Release|Any CPU.ActiveCfg = Release|Any CPU
		{D0202F97-1E08-8765-15CD-3E3D954F022C}.Release|Any CPU.Build.0 = Release|Any CPU
		{6E722440-3A1C-2569-5A64-EA17FB55F580}.Debug|Any CPU.ActiveCfg = Debug|Any CPU
		{6E722440-3A1C-2569-5A64-EA17FB55F580}.Debug|Any CPU.Build.0 = Debug|Any CPU
		{6E722440-3A1C-2569-5A64-EA17FB55F580}.Release|Any CPU.ActiveCfg = Release|Any CPU
		{6E722440-3A1C-2569-5A64-EA17FB55F580}.Release|Any CPU.Build.0 = Release|Any CPU
		{36A7E21A-77F6-4C6C-FBC0-9DDFB0CFFF53}.Debug|Any CPU.ActiveCfg = Debug|Any CPU
		{36A7E21A-77F6-4C6C-FBC0-9DDFB0CFFF53}.Debug|Any CPU.Build.0 = Debug|Any CPU
		{36A7E21A-77F6-4C6C-FBC0-9DDFB0CFFF53}.Release|Any CPU.ActiveCfg = Release|Any CPU
		{36A7E21A-77F6-4C6C-FBC0-9DDFB0CFFF53}.Release|Any CPU.Build.0 = Release|Any CPU
		{4422BD84-974E-BD07-25F0-0C867BF7AE35}.Debug|Any CPU.ActiveCfg = Debug|Any CPU
		{4422BD84-974E-BD07-25F0-0C867BF7AE35}.Debug|Any CPU.Build.0 = Debug|Any CPU
		{4422BD84-974E-BD07-25F0-0C867BF7AE35}.Release|Any CPU.ActiveCfg = Release|Any CPU
		{4422BD84-974E-BD07-25F0-0C867BF7AE35}.Release|Any CPU.Build.0 = Release|Any CPU
		{61FD4A51-9C18-CCF3-B4E5-CE5F35C40B9A}.Debug|Any CPU.ActiveCfg = Debug|Any CPU
		{61FD4A51-9C18-CCF3-B4E5-CE5F35C40B9A}.Debug|Any CPU.Build.0 = Debug|Any CPU
		{61FD4A51-9C18-CCF3-B4E5-CE5F35C40B9A}.Release|Any CPU.ActiveCfg = Release|Any CPU
		{61FD4A51-9C18-CCF3-B4E5-CE5F35C40B9A}.Release|Any CPU.Build.0 = Release|Any CPU
		{1A3773FD-66B0-519F-5FDC-A1F862ACF4AB}.Debug|Any CPU.ActiveCfg = Debug|Any CPU
		{1A3773FD-66B0-519F-5FDC-A1F862ACF4AB}.Debug|Any CPU.Build.0 = Debug|Any CPU
		{1A3773FD-66B0-519F-5FDC-A1F862ACF4AB}.Release|Any CPU.ActiveCfg = Release|Any CPU
		{1A3773FD-66B0-519F-5FDC-A1F862ACF4AB}.Release|Any CPU.Build.0 = Release|Any CPU
		{D5563851-0649-CF26-FA16-C12057FEB0CD}.Debug|Any CPU.ActiveCfg = Debug|Any CPU
		{D5563851-0649-CF26-FA16-C12057FEB0CD}.Debug|Any CPU.Build.0 = Debug|Any CPU
		{D5563851-0649-CF26-FA16-C12057FEB0CD}.Release|Any CPU.ActiveCfg = Release|Any CPU
		{D5563851-0649-CF26-FA16-C12057FEB0CD}.Release|Any CPU.Build.0 = Release|Any CPU
		{BD15EE6F-861D-C52A-55EF-A7069F4288DF}.Debug|Any CPU.ActiveCfg = Debug|Any CPU
		{BD15EE6F-861D-C52A-55EF-A7069F4288DF}.Debug|Any CPU.Build.0 = Debug|Any CPU
		{BD15EE6F-861D-C52A-55EF-A7069F4288DF}.Release|Any CPU.ActiveCfg = Release|Any CPU
		{BD15EE6F-861D-C52A-55EF-A7069F4288DF}.Release|Any CPU.Build.0 = Release|Any CPU
		{3451530C-1F2C-068D-6380-42CB8CEE46BB}.Debug|Any CPU.ActiveCfg = Debug|Any CPU
		{3451530C-1F2C-068D-6380-42CB8CEE46BB}.Debug|Any CPU.Build.0 = Debug|Any CPU
		{3451530C-1F2C-068D-6380-42CB8CEE46BB}.Release|Any CPU.ActiveCfg = Release|Any CPU
		{3451530C-1F2C-068D-6380-42CB8CEE46BB}.Release|Any CPU.Build.0 = Release|Any CPU
		{AF417EC5-B489-17E7-D331-9779BE073DA5}.Debug|Any CPU.ActiveCfg = Debug|Any CPU
		{AF417EC5-B489-17E7-D331-9779BE073DA5}.Debug|Any CPU.Build.0 = Debug|Any CPU
		{AF417EC5-B489-17E7-D331-9779BE073DA5}.Release|Any CPU.ActiveCfg = Release|Any CPU
		{AF417EC5-B489-17E7-D331-9779BE073DA5}.Release|Any CPU.Build.0 = Release|Any CPU
		{9924179D-BDFD-1D5D-5C78-E93C27558E48}.Debug|Any CPU.ActiveCfg = Debug|Any CPU
		{9924179D-BDFD-1D5D-5C78-E93C27558E48}.Debug|Any CPU.Build.0 = Debug|Any CPU
		{9924179D-BDFD-1D5D-5C78-E93C27558E48}.Release|Any CPU.ActiveCfg = Release|Any CPU
		{9924179D-BDFD-1D5D-5C78-E93C27558E48}.Release|Any CPU.Build.0 = Release|Any CPU
		{ED9285F3-6A7C-334D-681C-E95755AB43C0}.Debug|Any CPU.ActiveCfg = Debug|Any CPU
		{ED9285F3-6A7C-334D-681C-E95755AB43C0}.Debug|Any CPU.Build.0 = Debug|Any CPU
		{ED9285F3-6A7C-334D-681C-E95755AB43C0}.Release|Any CPU.ActiveCfg = Release|Any CPU
		{ED9285F3-6A7C-334D-681C-E95755AB43C0}.Release|Any CPU.Build.0 = Release|Any CPU
		{7D611175-FD34-0FEB-6220-D05F71D82F5B}.Debug|Any CPU.ActiveCfg = Debug|Any CPU
		{7D611175-FD34-0FEB-6220-D05F71D82F5B}.Debug|Any CPU.Build.0 = Debug|Any CPU
		{7D611175-FD34-0FEB-6220-D05F71D82F5B}.Release|Any CPU.ActiveCfg = Release|Any CPU
		{7D611175-FD34-0FEB-6220-D05F71D82F5B}.Release|Any CPU.Build.0 = Release|Any CPU
		{4A180DDF-2115-003F-9395-92D0BE90FEAE}.Debug|Any CPU.ActiveCfg = Debug|Any CPU
		{4A180DDF-2115-003F-9395-92D0BE90FEAE}.Debug|Any CPU.Build.0 = Debug|Any CPU
		{4A180DDF-2115-003F-9395-92D0BE90FEAE}.Release|Any CPU.ActiveCfg = Release|Any CPU
		{4A180DDF-2115-003F-9395-92D0BE90FEAE}.Release|Any CPU.Build.0 = Release|Any CPU
		{7C9D12DC-E334-254D-61EC-6C7C64A0FA6C}.Debug|Any CPU.ActiveCfg = Debug|Any CPU
		{7C9D12DC-E334-254D-61EC-6C7C64A0FA6C}.Debug|Any CPU.Build.0 = Debug|Any CPU
		{7C9D12DC-E334-254D-61EC-6C7C64A0FA6C}.Release|Any CPU.ActiveCfg = Release|Any CPU
		{7C9D12DC-E334-254D-61EC-6C7C64A0FA6C}.Release|Any CPU.Build.0 = Release|Any CPU
		{0DA5DC45-9ABE-FD28-0D95-65EDB3378C77}.Debug|Any CPU.ActiveCfg = Debug|Any CPU
		{0DA5DC45-9ABE-FD28-0D95-65EDB3378C77}.Debug|Any CPU.Build.0 = Debug|Any CPU
		{0DA5DC45-9ABE-FD28-0D95-65EDB3378C77}.Release|Any CPU.ActiveCfg = Release|Any CPU
		{0DA5DC45-9ABE-FD28-0D95-65EDB3378C77}.Release|Any CPU.Build.0 = Release|Any CPU
		{2B9A5491-60A6-EC9E-2066-A785B771176A}.Debug|Any CPU.ActiveCfg = Debug|Any CPU
		{2B9A5491-60A6-EC9E-2066-A785B771176A}.Debug|Any CPU.Build.0 = Debug|Any CPU
		{2B9A5491-60A6-EC9E-2066-A785B771176A}.Release|Any CPU.ActiveCfg = Release|Any CPU
		{2B9A5491-60A6-EC9E-2066-A785B771176A}.Release|Any CPU.Build.0 = Release|Any CPU
		{670A04BC-229F-11D1-B671-FC8C2A13F8DD}.Debug|Any CPU.ActiveCfg = Debug|Any CPU
		{670A04BC-229F-11D1-B671-FC8C2A13F8DD}.Debug|Any CPU.Build.0 = Debug|Any CPU
		{670A04BC-229F-11D1-B671-FC8C2A13F8DD}.Release|Any CPU.ActiveCfg = Release|Any CPU
		{670A04BC-229F-11D1-B671-FC8C2A13F8DD}.Release|Any CPU.Build.0 = Release|Any CPU
		{9CCFE687-4FD3-2B7E-4BB7-92CE2222CAD3}.Debug|Any CPU.ActiveCfg = Debug|Any CPU
		{9CCFE687-4FD3-2B7E-4BB7-92CE2222CAD3}.Debug|Any CPU.Build.0 = Debug|Any CPU
		{9CCFE687-4FD3-2B7E-4BB7-92CE2222CAD3}.Release|Any CPU.ActiveCfg = Release|Any CPU
		{9CCFE687-4FD3-2B7E-4BB7-92CE2222CAD3}.Release|Any CPU.Build.0 = Release|Any CPU
		{339051D1-5B75-08BB-2A19-2FD7430DBE91}.Debug|Any CPU.ActiveCfg = Debug|Any CPU
		{339051D1-5B75-08BB-2A19-2FD7430DBE91}.Debug|Any CPU.Build.0 = Debug|Any CPU
		{339051D1-5B75-08BB-2A19-2FD7430DBE91}.Release|Any CPU.ActiveCfg = Release|Any CPU
		{339051D1-5B75-08BB-2A19-2FD7430DBE91}.Release|Any CPU.Build.0 = Release|Any CPU
		{BC650611-DA01-D8DB-9898-A040427E9168}.Debug|Any CPU.ActiveCfg = Debug|Any CPU
		{BC650611-DA01-D8DB-9898-A040427E9168}.Debug|Any CPU.Build.0 = Debug|Any CPU
		{BC650611-DA01-D8DB-9898-A040427E9168}.Release|Any CPU.ActiveCfg = Release|Any CPU
		{BC650611-DA01-D8DB-9898-A040427E9168}.Release|Any CPU.Build.0 = Release|Any CPU
		{F3CB36B9-A7D1-3CC6-1F4A-D3E973B12A31}.Debug|Any CPU.ActiveCfg = Debug|Any CPU
		{F3CB36B9-A7D1-3CC6-1F4A-D3E973B12A31}.Debug|Any CPU.Build.0 = Debug|Any CPU
		{F3CB36B9-A7D1-3CC6-1F4A-D3E973B12A31}.Release|Any CPU.ActiveCfg = Release|Any CPU
		{F3CB36B9-A7D1-3CC6-1F4A-D3E973B12A31}.Release|Any CPU.Build.0 = Release|Any CPU
		{F2EDAD38-B47E-931A-1B0E-A8C053C14438}.Debug|Any CPU.ActiveCfg = Debug|Any CPU
		{F2EDAD38-B47E-931A-1B0E-A8C053C14438}.Debug|Any CPU.Build.0 = Debug|Any CPU
		{F2EDAD38-B47E-931A-1B0E-A8C053C14438}.Release|Any CPU.ActiveCfg = Release|Any CPU
		{F2EDAD38-B47E-931A-1B0E-A8C053C14438}.Release|Any CPU.Build.0 = Release|Any CPU
		{51E6BEFC-AFCF-127A-10CE-D07D408C1869}.Debug|Any CPU.ActiveCfg = Debug|Any CPU
		{51E6BEFC-AFCF-127A-10CE-D07D408C1869}.Debug|Any CPU.Build.0 = Debug|Any CPU
		{51E6BEFC-AFCF-127A-10CE-D07D408C1869}.Release|Any CPU.ActiveCfg = Release|Any CPU
		{51E6BEFC-AFCF-127A-10CE-D07D408C1869}.Release|Any CPU.Build.0 = Release|Any CPU
	EndGlobalSection
	GlobalSection(SolutionProperties) = preSolution
		HideSolutionNode = FALSE
	EndGlobalSection
EndGlobal
